
Microsoft Visual Studio Solution File, Format Version 12.00
# Visual Studio Version 17
VisualStudioVersion = 17.2.32802.462
MinimumVisualStudioVersion = 10.0.40219.1
Project("{FAE04EC0-301F-11D3-BF4B-00C04F79EFBC}") = "10gyak", "10gyak\10gyak.csproj", "{1B77CFC8-9451-47F2-9B0D-C1AFAFA84907}"
EndProject
Global
	GlobalSection(SolutionConfigurationPlatforms) = preSolution
		Debug|Any CPU = Debug|Any CPU
		Release|Any CPU = Release|Any CPU
	EndGlobalSection
	GlobalSection(ProjectConfigurationPlatforms) = postSolution
		{1B77CFC8-9451-47F2-9B0D-C1AFAFA84907}.Debug|Any CPU.ActiveCfg = Debug|Any CPU
		{1B77CFC8-9451-47F2-9B0D-C1AFAFA84907}.Debug|Any CPU.Build.0 = Debug|Any CPU
		{1B77CFC8-9451-47F2-9B0D-C1AFAFA84907}.Release|Any CPU.ActiveCfg = Release|Any CPU
		{1B77CFC8-9451-47F2-9B0D-C1AFAFA84907}.Release|Any CPU.Build.0 = Release|Any CPU
	EndGlobalSection
	GlobalSection(SolutionProperties) = preSolution
		HideSolutionNode = FALSE
	EndGlobalSection
	GlobalSection(ExtensibilityGlobals) = postSolution
		SolutionGuid = {503C02D5-431B-40BB-A899-7522618DFA64}
	EndGlobalSection
EndGlobal
